
Microsoft Visual Studio Solution File, Format Version 12.00
# Visual Studio Version 17
VisualStudioVersion = 17.5.33516.290
MinimumVisualStudioVersion = 10.0.40219.1
Project("{9A19103F-16F7-4668-BE54-9A1E7A4F7556}") = "RoboDeApostas", "RoboDeApostas.csproj", "{735EF86E-E9D2-458F-A8CC-F9B46639B11F}"
EndProject
Global
	GlobalSection(SolutionConfigurationPlatforms) = preSolution
		Debug|Any CPU = Debug|Any CPU
		Release|Any CPU = Release|Any CPU
	EndGlobalSection
	GlobalSection(ProjectConfigurationPlatforms) = postSolution
		{735EF86E-E9D2-458F-A8CC-F9B46639B11F}.Debug|Any CPU.ActiveCfg = Debug|Any CPU
		{735EF86E-E9D2-458F-A8CC-F9B46639B11F}.Debug|Any CPU.Build.0 = Debug|Any CPU
		{735EF86E-E9D2-458F-A8CC-F9B46639B11F}.Release|Any CPU.ActiveCfg = Release|Any CPU
		{735EF86E-E9D2-458F-A8CC-F9B46639B11F}.Release|Any CPU.Build.0 = Release|Any CPU
	EndGlobalSection
	GlobalSection(SolutionProperties) = preSolution
		HideSolutionNode = FALSE
	EndGlobalSection
	GlobalSection(ExtensibilityGlobals) = postSolution
		SolutionGuid = {8787BA5B-5639-4A65-AE75-857E63A83A0C}
	EndGlobalSection
EndGlobal
